// !$*UTF8*$!
{
	archiveVersion = 1;
	classes = {
	};
	objectVersion = 50;
	objects = {

/* Begin PBXBuildFile section */
		87532E3F23C1214600D0E965 /* AppDelegate.swift in Sources */ = {isa = PBXBuildFile; fileRef = 87532E3E23C1214600D0E965 /* AppDelegate.swift */; };
		87532E4123C1214600D0E965 /* SceneDelegate.swift in Sources */ = {isa = PBXBuildFile; fileRef = 87532E4023C1214600D0E965 /* SceneDelegate.swift */; };
		87532E4323C1214600D0E965 /* ViewController.swift in Sources */ = {isa = PBXBuildFile; fileRef = 87532E4223C1214600D0E965 /* ViewController.swift */; };
		87532E4623C1214600D0E965 /* Main.storyboard in Resources */ = {isa = PBXBuildFile; fileRef = 87532E4423C1214600D0E965 /* Main.storyboard */; };
		87532E4823C1214800D0E965 /* Assets.xcassets in Resources */ = {isa = PBXBuildFile; fileRef = 87532E4723C1214800D0E965 /* Assets.xcassets */; };
		87532E4B23C1214800D0E965 /* LaunchScreen.storyboard in Resources */ = {isa = PBXBuildFile; fileRef = 87532E4923C1214800D0E965 /* LaunchScreen.storyboard */; };
		B76864DD24041A8BAF19400F /* Pods_stockMarketApp.framework in Frameworks */ = {isa = PBXBuildFile; fileRef = 104F130FA294A0A0A0AF7982 /* Pods_stockMarketApp.framework */; };
/* End PBXBuildFile section */

/* Begin PBXFileReference section */
		104F130FA294A0A0A0AF7982 /* Pods_stockMarketApp.framework */ = {isa = PBXFileReference; explicitFileType = wrapper.framework; includeInIndex = 0; path = Pods_stockMarketApp.framework; sourceTree = BUILT_PRODUCTS_DIR; };
		1585784C648CA1EBA71E2A35 /* Pods-stockMarketApp.release.xcconfig */ = {isa = PBXFileReference; includeInIndex = 1; lastKnownFileType = text.xcconfig; name = "Pods-stockMarketApp.release.xcconfig"; path = "Target Support Files/Pods-stockMarketApp/Pods-stockMarketApp.release.xcconfig"; sourceTree = "<group>"; };
		2D333B8DAD0895A734ACA92A /* Pods-stockMarketApp.debug.xcconfig */ = {isa = PBXFileReference; includeInIndex = 1; lastKnownFileType = text.xcconfig; name = "Pods-stockMarketApp.debug.xcconfig"; path = "Target Support Files/Pods-stockMarketApp/Pods-stockMarketApp.debug.xcconfig"; sourceTree = "<group>"; };
		87532E3B23C1214600D0E965 /* stockMarketApp.app */ = {isa = PBXFileReference; explicitFileType = wrapper.application; includeInIndex = 0; path = stockMarketApp.app; sourceTree = BUILT_PRODUCTS_DIR; };
		87532E3E23C1214600D0E965 /* AppDelegate.swift */ = {isa = PBXFileReference; lastKnownFileType = sourcecode.swift; path = AppDelegate.swift; sourceTree = "<group>"; };
		87532E4023C1214600D0E965 /* SceneDelegate.swift */ = {isa = PBXFileReference; lastKnownFileType = sourcecode.swift; path = SceneDelegate.swift; sourceTree = "<group>"; };
		87532E4223C1214600D0E965 /* ViewController.swift */ = {isa = PBXFileReference; lastKnownFileType = sourcecode.swift; path = ViewController.swift; sourceTree = "<group>"; };
		87532E4523C1214600D0E965 /* Base */ = {isa = PBXFileReference; lastKnownFileType = file.storyboard; name = Base; path = Base.lproj/Main.storyboard; sourceTree = "<group>"; };
		87532E4723C1214800D0E965 /* Assets.xcassets */ = {isa = PBXFileReference; lastKnownFileType = folder.assetcatalog; path = Assets.xcassets; sourceTree = "<group>"; };
		87532E4A23C1214800D0E965 /* Base */ = {isa = PBXFileReference; lastKnownFileType = file.storyboard; name = Base; path = Base.lproj/LaunchScreen.storyboard; sourceTree = "<group>"; };
		87532E4C23C1214800D0E965 /* Info.plist */ = {isa = PBXFileReference; lastKnownFileType = text.plist.xml; path = Info.plist; sourceTree = "<group>"; };
/* End PBXFileReference section */

/* Begin PBXFrameworksBuildPhase section */
		87532E3823C1214600D0E965 /* Frameworks */ = {
			isa = PBXFrameworksBuildPhase;
			buildActionMask = 2147483647;
			files = (
				B76864DD24041A8BAF19400F /* Pods_stockMarketApp.framework in Frameworks */,
			);
			runOnlyForDeploymentPostprocessing = 0;
		};
/* End PBXFrameworksBuildPhase section */

/* Begin PBXGroup section */
		051AE17055B0FC8889FE326C /* Frameworks */ = {
			isa = PBXGroup;
			children = (
				104F130FA294A0A0A0AF7982 /* Pods_stockMarketApp.framework */,
			);
			name = Frameworks;
			sourceTree = "<group>";
		};
		25AF1AD29A67E41D34B4AB83 /* Pods */ = {
			isa = PBXGroup;
			children = (
				2D333B8DAD0895A734ACA92A /* Pods-stockMarketApp.debug.xcconfig */,
				1585784C648CA1EBA71E2A35 /* Pods-stockMarketApp.release.xcconfig */,
			);
			name = Pods;
			path = Pods;
			sourceTree = "<group>";
		};
		87532E3223C1214600D0E965 = {
			isa = PBXGroup;
			children = (
				87532E3D23C1214600D0E965 /* stockMarketApp */,
				87532E3C23C1214600D0E965 /* Products */,
				25AF1AD29A67E41D34B4AB83 /* Pods */,
				051AE17055B0FC8889FE326C /* Frameworks */,
			);
			sourceTree = "<group>";
		};
		87532E3C23C1214600D0E965 /* Products */ = {
			isa = PBXGroup;
			children = (
				87532E3B23C1214600D0E965 /* stockMarketApp.app */,
			);
			name = Products;
			sourceTree = "<group>";
		};
		87532E3D23C1214600D0E965 /* stockMarketApp */ = {
			isa = PBXGroup;
			children = (
				87532E3E23C1214600D0E965 /* AppDelegate.swift */,
				87532E4023C1214600D0E965 /* SceneDelegate.swift */,
				87532E5423C1216900D0E965 /* Model */,
				87532E5223C1215000D0E965 /* Controller */,
				87532E5323C1215D00D0E965 /* View */,
				87532E4723C1214800D0E965 /* Assets.xcassets */,
				87532E4923C1214800D0E965 /* LaunchScreen.storyboard */,
				87532E4C23C1214800D0E965 /* Info.plist */,
			);
			path = stockMarketApp;
			sourceTree = "<group>";
		};
		87532E5223C1215000D0E965 /* Controller */ = {
			isa = PBXGroup;
			children = (
				87532E4223C1214600D0E965 /* ViewController.swift */,
			);
			path = Controller;
			sourceTree = "<group>";
		};
		87532E5323C1215D00D0E965 /* View */ = {
			isa = PBXGroup;
			children = (
				87532E4423C1214600D0E965 /* Main.storyboard */,
			);
			path = View;
			sourceTree = "<group>";
		};
		87532E5423C1216900D0E965 /* Model */ = {
			isa = PBXGroup;
			children = (
			);
			path = Model;
			sourceTree = "<group>";
		};
/* End PBXGroup section */

/* Begin PBXNativeTarget section */
		87532E3A23C1214600D0E965 /* stockMarketApp */ = {
			isa = PBXNativeTarget;
			buildConfigurationList = 87532E4F23C1214800D0E965 /* Build configuration list for PBXNativeTarget "stockMarketApp" */;
			buildPhases = (
				2FC8589CDF4FF2DADAFCA489 /* [CP] Check Pods Manifest.lock */,
				87532E3723C1214600D0E965 /* Sources */,
				87532E3823C1214600D0E965 /* Frameworks */,
				87532E3923C1214600D0E965 /* Resources */,
			);
			buildRules = (
			);
			dependencies = (
			);
			name = stockMarketApp;
			productName = stockMarketApp;
			productReference = 87532E3B23C1214600D0E965 /* stockMarketApp.app */;
			productType = "com.apple.product-type.application";
		};
/* End PBXNativeTarget section */

/* Begin PBXProject section */
		87532E3323C1214600D0E965 /* Project object */ = {
			isa = PBXProject;
			attributes = {
				LastSwiftUpdateCheck = 1130;
				LastUpgradeCheck = 1130;
				ORGANIZATIONNAME = "Alsaba Salim";
				TargetAttributes = {
					87532E3A23C1214600D0E965 = {
						CreatedOnToolsVersion = 11.3;
					};
				};
			};
			buildConfigurationList = 87532E3623C1214600D0E965 /* Build configuration list for PBXProject "stockMarketApp" */;
			compatibilityVersion = "Xcode 9.3";
			developmentRegion = en;
			hasScannedForEncodings = 0;
			knownRegions = (
				en,
				Base,
			);
			mainGroup = 87532E3223C1214600D0E965;
			productRefGroup = 87532E3C23C1214600D0E965 /* Products */;
			projectDirPath = "";
			projectRoot = "";
			targets = (
				87532E3A23C1214600D0E965 /* stockMarketApp */,
			);
		};
/* End PBXProject section */

/* Begin PBXResourcesBuildPhase section */
		87532E3923C1214600D0E965 /* Resources */ = {
			isa = PBXResourcesBuildPhase;
			buildActionMask = 2147483647;
			files = (
				87532E4B23C1214800D0E965 /* LaunchScreen.storyboard in Resources */,
				87532E4823C1214800D0E965 /* Assets.xcassets in Resources */,
				87532E4623C1214600D0E965 /* Main.storyboard in Resources */,
			);
			runOnlyForDeploymentPostprocessing = 0;
		};
/* End PBXResourcesBuildPhase section */

/* Begin PBXShellScriptBuildPhase section */
		2FC8589CDF4FF2DADAFCA489 /* [CP] Check Pods Manifest.lock */ = {
			isa = PBXShellScriptBuildPhase;
			buildActionMask = 2147483647;
			files = (
			);
			inputFileListPaths = (
			);
			inputPaths = (
				"${PODS_PODFILE_DIR_PATH}/Podfile.lock",
				"${PODS_ROOT}/Manifest.lock",
			);
			name = "[CP] Check Pods Manifest.lock";
			outputFileListPaths = (
			);
			outputPaths = (
				"$(DERIVED_FILE_DIR)/Pods-stockMarketApp-checkManifestLockResult.txt",
			);
			runOnlyForDeploymentPostprocessing = 0;
			shellPath = /bin/sh;
			shellScript = "diff \"${PODS_PODFILE_DIR_PATH}/Podfile.lock\" \"${PODS_ROOT}/Manifest.lock\" > /dev/null\nif [ $? != 0 ] ; then\n    # print error to STDERR\n    echo \"error: The sandbox is not in sync with the Podfile.lock. Run 'pod install' or update your CocoaPods installation.\" >&2\n    exit 1\nfi\n# This output is used by Xcode 'outputs' to avoid re-running this script phase.\necho \"SUCCESS\" > \"${SCRIPT_OUTPUT_FILE_0}\"\n";
			showEnvVarsInLog = 0;
		};
/* End PBXShellScriptBuildPhase section */

/* Begin PBXSourcesBuildPhase section */
		87532E3723C1214600D0E965 /* Sources */ = {
			isa = PBXSourcesBuildPhase;
			buildActionMask = 2147483647;
			files = (
				87532E4323C1214600D0E965 /* ViewController.swift in Sources */,
				87532E3F23C1214600D0E965 /* AppDelegate.swift in Sources */,
				87532E4123C1214600D0E965 /* SceneDelegate.swift in Sources */,
			);
			runOnlyForDeploymentPostprocessing = 0;
		};
/* End PBXSourcesBuildPhase section */

/* Begin PBXVariantGroup section */
		87532E4423C1214600D0E965 /* Main.storyboard */ = {
			isa = PBXVariantGroup;
			children = (
				87532E4523C1214600D0E965 /* Base */,
			);
			name = Main.storyboard;
			sourceTree = "<group>";
		};
		87532E4923C1214800D0E965 /* LaunchScreen.storyboard */ = {
			isa = PBXVariantGroup;
			children = (
				87532E4A23C1214800D0E965 /* Base */,
			);
			name = LaunchScreen.storyboard;
			sourceTree = "<group>";
		};
/* End PBXVariantGroup section */

/* Begin XCBuildConfiguration section */
		87532E4D23C1214800D0E965 /* Debug */ = {
			isa = XCBuildConfiguration;
			buildSettings = {
				ALWAYS_SEARCH_USER_PATHS = NO;
				CLANG_ANALYZER_NONNULL = YES;
				CLANG_ANALYZER_NUMBER_OBJECT_CONVERSION = YES_AGGRESSIVE;
				CLANG_CXX_LANGUAGE_STANDARD = "gnu++14";
				CLANG_CXX_LIBRARY = "libc++";
				CLANG_ENABLE_MODULES = YES;
				CLANG_ENABLE_OBJC_ARC = YES;
				CLANG_ENABLE_OBJC_WEAK = YES;
				CLANG_WARN_BLOCK_CAPTURE_AUTORELEASING = YES;
				CLANG_WARN_BOOL_CONVERSION = YES;
				CLANG_WARN_COMMA = YES;
				CLANG_WARN_CONSTANT_CONVERSION = YES;
				CLANG_WARN_DEPRECATED_OBJC_IMPLEMENTATIONS = YES;
				CLANG_WARN_DIRECT_OBJC_ISA_USAGE = YES_ERROR;
				CLANG_WARN_DOCUMENTATION_COMMENTS = YES;
				CLANG_WARN_EMPTY_BODY = YES;
				CLANG_WARN_ENUM_CONVERSION = YES;
				CLANG_WARN_INFINITE_RECURSION = YES;
				CLANG_WARN_INT_CONVERSION = YES;
				CLANG_WARN_NON_LITERAL_NULL_CONVERSION = YES;
				CLANG_WARN_OBJC_IMPLICIT_RETAIN_SELF = YES;
				CLANG_WARN_OBJC_LITERAL_CONVERSION = YES;
				CLANG_WARN_OBJC_ROOT_CLASS = YES_ERROR;
				CLANG_WARN_RANGE_LOOP_ANALYSIS = YES;
				CLANG_WARN_STRICT_PROTOTYPES = YES;
				CLANG_WARN_SUSPICIOUS_MOVE = YES;
				CLANG_WARN_UNGUARDED_AVAILABILITY = YES_AGGRESSIVE;
				CLANG_WARN_UNREACHABLE_CODE = YES;
				CLANG_WARN__DUPLICATE_METHOD_MATCH = YES;
				COPY_PHASE_STRIP = NO;
				DEBUG_INFORMATION_FORMAT = dwarf;
				ENABLE_STRICT_OBJC_MSGSEND = YES;
				ENABLE_TESTABILITY = YES;
				GCC_C_LANGUAGE_STANDARD = gnu11;
				GCC_DYNAMIC_NO_PIC = NO;
				GCC_NO_COMMON_BLOCKS = YES;
				GCC_OPTIMIZATION_LEVEL = 0;
				GCC_PREPROCESSOR_DEFINITIONS = (
					"DEBUG=1",
					"$(inherited)",
				);
				GCC_WARN_64_TO_32_BIT_CONVERSION = YES;
				GCC_WARN_ABOUT_RETURN_TYPE = YES_ERROR;
				GCC_WARN_UNDECLARED_SELECTOR = YES;
				GCC_WARN_UNINITIALIZED_AUTOS = YES_AGGRESSIVE;
				GCC_WARN_UNUSED_FUNCTION = YES;
				GCC_WARN_UNUSED_VARIABLE = YES;
				IPHONEOS_DEPLOYMENT_TARGET = 13.2;
				MTL_ENABLE_DEBUG_INFO = INCLUDE_SOURCE;
				MTL_FAST_MATH = YES;
				ONLY_ACTIVE_ARCH = YES;
				SDKROOT = iphoneos;
				SWIFT_ACTIVE_COMPILATION_CONDITIONS = DEBUG;
				SWIFT_OPTIMIZATION_LEVEL = "-Onone";
			};
			name = Debug;
		};
		87532E4E23C1214800D0E965 /* Release */ = {
			isa = XCBuildConfiguration;
			buildSettings = {
				ALWAYS_SEARCH_USER_PATHS = NO;
				CLANG_ANALYZER_NONNULL = YES;
				CLANG_ANALYZER_NUMBER_OBJECT_CONVERSION = YES_AGGRESSIVE;
				CLANG_CXX_LANGUAGE_STANDARD = "gnu++14";
				CLANG_CXX_LIBRARY = "libc++";
				CLANG_ENABLE_MODULES = YES;
				CLANG_ENABLE_OBJC_ARC = YES;
				CLANG_ENABLE_OBJC_WEAK = YES;
				CLANG_WARN_BLOCK_CAPTURE_AUTORELEASING = YES;
				CLANG_WARN_BOOL_CONVERSION = YES;
				CLANG_WARN_COMMA = YES;
				CLANG_WARN_CONSTANT_CONVERSION = YES;
				CLANG_WARN_DEPRECATED_OBJC_IMPLEMENTATIONS = YES;
				CLANG_WARN_DIRECT_OBJC_ISA_USAGE = YES_ERROR;
				CLANG_WARN_DOCUMENTATION_COMMENTS = YES;
				CLANG_WARN_EMPTY_BODY = YES;
				CLANG_WARN_ENUM_CONVERSION = YES;
				CLANG_WARN_INFINITE_RECURSION = YES;
				CLANG_WARN_INT_CONVERSION = YES;
				CLANG_WARN_NON_LITERAL_NULL_CONVERSION = YES;
				CLANG_WARN_OBJC_IMPLICIT_RETAIN_SELF = YES;
				CLANG_WARN_OBJC_LITERAL_CONVERSION = YES;
				CLANG_WARN_OBJC_ROOT_CLASS = YES_ERROR;
				CLANG_WARN_RANGE_LOOP_ANALYSIS = YES;
				CLANG_WARN_STRICT_PROTOTYPES = YES;
				CLANG_WARN_SUSPICIOUS_MOVE = YES;
				CLANG_WARN_UNGUARDED_AVAILABILITY = YES_AGGRESSIVE;
				CLANG_WARN_UNREACHABLE_CODE = YES;
				CLANG_WARN__DUPLICATE_METHOD_MATCH = YES;
				COPY_PHASE_STRIP = NO;
				DEBUG_INFORMATION_FORMAT = "dwarf-with-dsym";
				ENABLE_NS_ASSERTIONS = NO;
				ENABLE_STRICT_OBJC_MSGSEND = YES;
				GCC_C_LANGUAGE_STANDARD = gnu11;
				GCC_NO_COMMON_BLOCKS = YES;
				GCC_WARN_64_TO_32_BIT_CONVERSION = YES;
				GCC_WARN_ABOUT_RETURN_TYPE = YES_ERROR;
				GCC_WARN_UNDECLARED_SELECTOR = YES;
				GCC_WARN_UNINITIALIZED_AUTOS = YES_AGGRESSIVE;
				GCC_WARN_UNUSED_FUNCTION = YES;
				GCC_WARN_UNUSED_VARIABLE = YES;
				IPHONEOS_DEPLOYMENT_TARGET = 13.2;
				MTL_ENABLE_DEBUG_INFO = NO;
				MTL_FAST_MATH = YES;
				SDKROOT = iphoneos;
				SWIFT_COMPILATION_MODE = wholemodule;
				SWIFT_OPTIMIZATION_LEVEL = "-O";
				VALIDATE_PRODUCT = YES;
			};
			name = Release;
		};
		87532E5023C1214800D0E965 /* Debug */ = {
			isa = XCBuildConfiguration;
			baseConfigurationReference = 2D333B8DAD0895A734ACA92A /* Pods-stockMarketApp.debug.xcconfig */;
			buildSettings = {
				ASSETCATALOG_COMPILER_APPICON_NAME = AppIcon;
				CODE_SIGN_STYLE = Automatic;
				DEVELOPMENT_TEAM = 772LWM5267;
				INFOPLIST_FILE = stockMarketApp/Info.plist;
				LD_RUNPATH_SEARCH_PATHS = (
					"$(inherited)",
					"@executable_path/Frameworks",
				);
				PRODUCT_BUNDLE_IDENTIFIER = com.alsaba.stockMarketApp;
				PRODUCT_NAME = "$(TARGET_NAME)";
				SWIFT_VERSION = 5.0;
				TARGETED_DEVICE_FAMILY = "1,2";
			};
			name = Debug;
		};
		87532E5123C1214800D0E965 /* Release */ = {
			isa = XCBuildConfiguration;
			baseConfigurationReference = 1585784C648CA1EBA71E2A35 /* Pods-stockMarketApp.release.xcconfig */;
			buildSettings = {
				ASSETCATALOG_COMPILER_APPICON_NAME = AppIcon;
				CODE_SIGN_STYLE = Automatic;
				DEVELOPMENT_TEAM = 772LWM5267;
				INFOPLIST_FILE = stockMarketApp/Info.plist;
				LD_RUNPATH_SEARCH_PATHS = (
					"$(inherited)",
					"@executable_path/Frameworks",
				);
				PRODUCT_BUNDLE_IDENTIFIER = com.alsaba.stockMarketApp;
				PRODUCT_NAME = "$(TARGET_NAME)";
				SWIFT_VERSION = 5.0;
				TARGETED_DEVICE_FAMILY = "1,2";
			};
			name = Release;
		};
/* End XCBuildConfiguration section */

/* Begin XCConfigurationList section */
		87532E3623C1214600D0E965 /* Build configuration list for PBXProject "stockMarketApp" */ = {
			isa = XCConfigurationList;
			buildConfigurations = (
				87532E4D23C1214800D0E965 /* Debug */,
				87532E4E23C1214800D0E965 /* Release */,
			);
			defaultConfigurationIsVisible = 0;
			defaultConfigurationName = Release;
		};
		87532E4F23C1214800D0E965 /* Build configuration list for PBXNativeTarget "stockMarketApp" */ = {
			isa = XCConfigurationList;
			buildConfigurations = (
				87532E5023C1214800D0E965 /* Debug */,
				87532E5123C1214800D0E965 /* Release */,
			);
			defaultConfigurationIsVisible = 0;
			defaultConfigurationName = Release;
		};
/* End XCConfigurationList section */
	};
	rootObject = 87532E3323C1214600D0E965 /* Project object */;
}
